
Microsoft Visual Studio Solution File, Format Version 12.00
# Visual Studio Version 17
VisualStudioVersion = 17.13.35919.96 d17.13
MinimumVisualStudioVersion = 10.0.40219.1
Project("{FAE04EC0-301F-11D3-BF4B-00C04F79EFBC}") = "LAB3", "FirstWPFApp\LAB3.csproj", "{BC2033B8-700A-487F-AD9F-3A04BADEF8F5}"
EndProject
Global
	GlobalSection(SolutionConfigurationPlatforms) = preSolution
		Debug|Any CPU = Debug|Any CPU
		Release|Any CPU = Release|Any CPU
	EndGlobalSection
	GlobalSection(ProjectConfigurationPlatforms) = postSolution
		{BC2033B8-700A-487F-AD9F-3A04BADEF8F5}.Debug|Any CPU.ActiveCfg = Debug|Any CPU
		{BC2033B8-700A-487F-AD9F-3A04BADEF8F5}.Debug|Any CPU.Build.0 = Debug|Any CPU
		{BC2033B8-700A-487F-AD9F-3A04BADEF8F5}.Release|Any CPU.ActiveCfg = Release|Any CPU
		{BC2033B8-700A-487F-AD9F-3A04BADEF8F5}.Release|Any CPU.Build.0 = Release|Any CPU
	EndGlobalSection
	GlobalSection(SolutionProperties) = preSolution
		HideSolutionNode = FALSE
	EndGlobalSection
	GlobalSection(ExtensibilityGlobals) = postSolution
		SolutionGuid = {1FA5A5FE-B279-4130-A4CA-849BB2185A13}
	EndGlobalSection
EndGlobal
